
Microsoft Visual Studio Solution File, Format Version 12.00
# Visual Studio 2013
VisualStudioVersion = 12.0.31101.0
MinimumVisualStudioVersion = 10.0.40219.1
Project("{FAE04EC0-301F-11D3-BF4B-00C04F79EFBC}") = "newHW_8(sorting_of_2D_array)", "newHW_8(sorting_of_2D_array)\newHW_8(sorting_of_2D_array).csproj", "{71BAABCD-97D9-4170-A584-C36CC20C956D}"
EndProject
Global
	GlobalSection(SolutionConfigurationPlatforms) = preSolution
		Debug|Any CPU = Debug|Any CPU
		Release|Any CPU = Release|Any CPU
	EndGlobalSection
	GlobalSection(ProjectConfigurationPlatforms) = postSolution
		{71BAABCD-97D9-4170-A584-C36CC20C956D}.Debug|Any CPU.ActiveCfg = Debug|Any CPU
		{71BAABCD-97D9-4170-A584-C36CC20C956D}.Debug|Any CPU.Build.0 = Debug|Any CPU
		{71BAABCD-97D9-4170-A584-C36CC20C956D}.Release|Any CPU.ActiveCfg = Release|Any CPU
		{71BAABCD-97D9-4170-A584-C36CC20C956D}.Release|Any CPU.Build.0 = Release|Any CPU
	EndGlobalSection
	GlobalSection(SolutionProperties) = preSolution
		HideSolutionNode = FALSE
	EndGlobalSection
EndGlobal
